
Microsoft Visual Studio Solution File, Format Version 12.00
# Visual Studio Version 16
VisualStudioVersion = 16.0.29519.181
MinimumVisualStudioVersion = 10.0.40219.1
Project("{FAE04EC0-301F-11D3-BF4B-00C04F79EFBC}") = "AdditionalTaskPolimor", "AdditionalTaskPolimor\AdditionalTaskPolimor.csproj", "{77D7A360-F4E0-4113-B600-AA7C239FED06}"
EndProject
Global
	GlobalSection(SolutionConfigurationPlatforms) = preSolution
		Debug|Any CPU = Debug|Any CPU
		Release|Any CPU = Release|Any CPU
	EndGlobalSection
	GlobalSection(ProjectConfigurationPlatforms) = postSolution
		{77D7A360-F4E0-4113-B600-AA7C239FED06}.Debug|Any CPU.ActiveCfg = Debug|Any CPU
		{77D7A360-F4E0-4113-B600-AA7C239FED06}.Debug|Any CPU.Build.0 = Debug|Any CPU
		{77D7A360-F4E0-4113-B600-AA7C239FED06}.Release|Any CPU.ActiveCfg = Release|Any CPU
		{77D7A360-F4E0-4113-B600-AA7C239FED06}.Release|Any CPU.Build.0 = Release|Any CPU
	EndGlobalSection
	GlobalSection(SolutionProperties) = preSolution
		HideSolutionNode = FALSE
	EndGlobalSection
	GlobalSection(ExtensibilityGlobals) = postSolution
		SolutionGuid = {368D59EF-0023-4063-B5D9-0DE996C613F6}
	EndGlobalSection
EndGlobal
