
Microsoft Visual Studio Solution File, Format Version 12.00
# Visual Studio Version 16
VisualStudioVersion = 16.0.29519.181
MinimumVisualStudioVersion = 10.0.40219.1
Project("{FAE04EC0-301F-11D3-BF4B-00C04F79EFBC}") = "AdditionalTask", "AdditionalTask\AdditionalTask.csproj", "{10E56F37-4684-47DE-A305-CE4C51C261BC}"
EndProject
Project("{FAE04EC0-301F-11D3-BF4B-00C04F79EFBC}") = "Task3", "Task3\Task3.csproj", "{296135C5-655E-44E8-9C13-FEB48647E49E}"
EndProject
Project("{FAE04EC0-301F-11D3-BF4B-00C04F79EFBC}") = "Task2", "Task2\Task2.csproj", "{ED09A65D-8455-47E7-B5C7-E6EEF8D19FEE}"
EndProject
Global
	GlobalSection(SolutionConfigurationPlatforms) = preSolution
		Debug|Any CPU = Debug|Any CPU
		Release|Any CPU = Release|Any CPU
	EndGlobalSection
	GlobalSection(ProjectConfigurationPlatforms) = postSolution
		{10E56F37-4684-47DE-A305-CE4C51C261BC}.Debug|Any CPU.ActiveCfg = Debug|Any CPU
		{10E56F37-4684-47DE-A305-CE4C51C261BC}.Debug|Any CPU.Build.0 = Debug|Any CPU
		{10E56F37-4684-47DE-A305-CE4C51C261BC}.Release|Any CPU.ActiveCfg = Release|Any CPU
		{10E56F37-4684-47DE-A305-CE4C51C261BC}.Release|Any CPU.Build.0 = Release|Any CPU
		{296135C5-655E-44E8-9C13-FEB48647E49E}.Debug|Any CPU.ActiveCfg = Debug|Any CPU
		{296135C5-655E-44E8-9C13-FEB48647E49E}.Debug|Any CPU.Build.0 = Debug|Any CPU
		{296135C5-655E-44E8-9C13-FEB48647E49E}.Release|Any CPU.ActiveCfg = Release|Any CPU
		{296135C5-655E-44E8-9C13-FEB48647E49E}.Release|Any CPU.Build.0 = Release|Any CPU
		{ED09A65D-8455-47E7-B5C7-E6EEF8D19FEE}.Debug|Any CPU.ActiveCfg = Debug|Any CPU
		{ED09A65D-8455-47E7-B5C7-E6EEF8D19FEE}.Debug|Any CPU.Build.0 = Debug|Any CPU
		{ED09A65D-8455-47E7-B5C7-E6EEF8D19FEE}.Release|Any CPU.ActiveCfg = Release|Any CPU
		{ED09A65D-8455-47E7-B5C7-E6EEF8D19FEE}.Release|Any CPU.Build.0 = Release|Any CPU
	EndGlobalSection
	GlobalSection(SolutionProperties) = preSolution
		HideSolutionNode = FALSE
	EndGlobalSection
	GlobalSection(ExtensibilityGlobals) = postSolution
		SolutionGuid = {F0FA8D6E-10BD-4ACE-98FF-823D4C06985A}
	EndGlobalSection
EndGlobal
